
Microsoft Visual Studio Solution File, Format Version 12.00
# Visual Studio Version 17
VisualStudioVersion = 17.0.31903.59
MinimumVisualStudioVersion = 10.0.40219.1
Project("{FAE04EC0-301F-11D3-BF4B-00C04F79EFBC}") = "ProAtividade.API", "ProAtividade.API\ProAtividadeAPI.csproj", "{C14033F8-21CB-423A-85AD-3A88AE098D6A}"
EndProject
Project("{FAE04EC0-301F-11D3-BF4B-00C04F79EFBC}") = "ProAtividade.Data", "ProAtividade.Data\ProAtividade.Data.csproj", "{EE0DF2BD-070D-42A6-9F51-76E18C1D0742}"
EndProject
Project("{FAE04EC0-301F-11D3-BF4B-00C04F79EFBC}") = "ProAtividade.Domain", "ProAtividade.Domain\ProAtividade.Domain.csproj", "{6F1E3025-FFF5-4D48-A3E2-C06E345FE269}"
EndProject
Global
	GlobalSection(SolutionConfigurationPlatforms) = preSolution
		Debug|Any CPU = Debug|Any CPU
		Release|Any CPU = Release|Any CPU
	EndGlobalSection
	GlobalSection(SolutionProperties) = preSolution
		HideSolutionNode = FALSE
	EndGlobalSection
	GlobalSection(ProjectConfigurationPlatforms) = postSolution
		{C14033F8-21CB-423A-85AD-3A88AE098D6A}.Debug|Any CPU.ActiveCfg = Debug|Any CPU
		{C14033F8-21CB-423A-85AD-3A88AE098D6A}.Debug|Any CPU.Build.0 = Debug|Any CPU
		{C14033F8-21CB-423A-85AD-3A88AE098D6A}.Release|Any CPU.ActiveCfg = Release|Any CPU
		{C14033F8-21CB-423A-85AD-3A88AE098D6A}.Release|Any CPU.Build.0 = Release|Any CPU
		{EE0DF2BD-070D-42A6-9F51-76E18C1D0742}.Debug|Any CPU.ActiveCfg = Debug|Any CPU
		{EE0DF2BD-070D-42A6-9F51-76E18C1D0742}.Debug|Any CPU.Build.0 = Debug|Any CPU
		{EE0DF2BD-070D-42A6-9F51-76E18C1D0742}.Release|Any CPU.ActiveCfg = Release|Any CPU
		{EE0DF2BD-070D-42A6-9F51-76E18C1D0742}.Release|Any CPU.Build.0 = Release|Any CPU
		{6F1E3025-FFF5-4D48-A3E2-C06E345FE269}.Debug|Any CPU.ActiveCfg = Debug|Any CPU
		{6F1E3025-FFF5-4D48-A3E2-C06E345FE269}.Debug|Any CPU.Build.0 = Debug|Any CPU
		{6F1E3025-FFF5-4D48-A3E2-C06E345FE269}.Release|Any CPU.ActiveCfg = Release|Any CPU
		{6F1E3025-FFF5-4D48-A3E2-C06E345FE269}.Release|Any CPU.Build.0 = Release|Any CPU
	EndGlobalSection
EndGlobal
